// !$*UTF8*$!
{
	archiveVersion = 1;
	classes = {
	};
	objectVersion = 46;
	objects = {

/* Begin PBXBuildFile section */
		8430721E1D2A6F4300C08568 /* AppDelegate.swift in Sources */ = {isa = PBXBuildFile; fileRef = 8430721D1D2A6F4300C08568 /* AppDelegate.swift */; };
		843072201D2A6F4300C08568 /* ViewController.swift in Sources */ = {isa = PBXBuildFile; fileRef = 8430721F1D2A6F4300C08568 /* ViewController.swift */; };
		843072221D2A6F4300C08568 /* Assets.xcassets in Resources */ = {isa = PBXBuildFile; fileRef = 843072211D2A6F4300C08568 /* Assets.xcassets */; };
		843072251D2A6F4300C08568 /* Main.storyboard in Resources */ = {isa = PBXBuildFile; fileRef = 843072231D2A6F4300C08568 /* Main.storyboard */; };
/* End PBXBuildFile section */

/* Begin PBXFileReference section */
		8430721A1D2A6F4200C08568 /* SerialsManager.app */ = {isa = PBXFileReference; explicitFileType = wrapper.application; includeInIndex = 0; path = SerialsManager.app; sourceTree = BUILT_PRODUCTS_DIR; };
		8430721D1D2A6F4300C08568 /* AppDelegate.swift */ = {isa = PBXFileReference; lastKnownFileType = sourcecode.swift; path = AppDelegate.swift; sourceTree = "<group>"; };
		8430721F1D2A6F4300C08568 /* ViewController.swift */ = {isa = PBXFileReference; lastKnownFileType = sourcecode.swift; path = ViewController.swift; sourceTree = "<group>"; };
		843072211D2A6F4300C08568 /* Assets.xcassets */ = {isa = PBXFileReference; lastKnownFileType = folder.assetcatalog; path = Assets.xcassets; sourceTree = "<group>"; };
		843072241D2A6F4300C08568 /* Base */ = {isa = PBXFileReference; lastKnownFileType = file.storyboard; name = Base; path = Base.lproj/Main.storyboard; sourceTree = "<group>"; };
		843072261D2A6F4300C08568 /* Info.plist */ = {isa = PBXFileReference; lastKnownFileType = text.plist.xml; path = Info.plist; sourceTree = "<group>"; };
/* End PBXFileReference section */

/* Begin PBXFrameworksBuildPhase section */
		843072171D2A6F4200C08568 /* Frameworks */ = {
			isa = PBXFrameworksBuildPhase;
			buildActionMask = 2147483647;
			files = (
			);
			runOnlyForDeploymentPostprocessing = 0;
		};
/* End PBXFrameworksBuildPhase section */

/* Begin PBXGroup section */
		843072111D2A6F4200C08568 = {
			isa = PBXGroup;
			children = (
				8430721C1D2A6F4200C08568 /* SerialsManager */,
				8430721B1D2A6F4200C08568 /* Products */,
			);
			sourceTree = "<group>";
		};
		8430721B1D2A6F4200C08568 /* Products */ = {
			isa = PBXGroup;
			children = (
				8430721A1D2A6F4200C08568 /* SerialsManager.app */,
			);
			name = Products;
			sourceTree = "<group>";
		};
		8430721C1D2A6F4200C08568 /* SerialsManager */ = {
			isa = PBXGroup;
			children = (
				8430721D1D2A6F4300C08568 /* AppDelegate.swift */,
				8430721F1D2A6F4300C08568 /* ViewController.swift */,
				843072211D2A6F4300C08568 /* Assets.xcassets */,
				843072231D2A6F4300C08568 /* Main.storyboard */,
				843072261D2A6F4300C08568 /* Info.plist */,
			);
			path = SerialsManager;
			sourceTree = "<group>";
		};
/* End PBXGroup section */

/* Begin PBXNativeTarget section */
		843072191D2A6F4200C08568 /* SerialsManager */ = {
			isa = PBXNativeTarget;
			buildConfigurationList = 843072291D2A6F4300C08568 /* Build configuration list for PBXNativeTarget "SerialsManager" */;
			buildPhases = (
				843072161D2A6F4200C08568 /* Sources */,
				843072171D2A6F4200C08568 /* Frameworks */,
				843072181D2A6F4200C08568 /* Resources */,
			);
			buildRules = (
			);
			dependencies = (
			);
			name = SerialsManager;
			productName = SerialsManager;
			productReference = 8430721A1D2A6F4200C08568 /* SerialsManager.app */;
			productType = "com.apple.product-type.application";
		};
/* End PBXNativeTarget section */

/* Begin PBXProject section */
		843072121D2A6F4200C08568 /* Project object */ = {
			isa = PBXProject;
			attributes = {
				LastSwiftUpdateCheck = 0730;
				LastUpgradeCheck = 0730;
				ORGANIZATIONNAME = savelichalex;
				TargetAttributes = {
					843072191D2A6F4200C08568 = {
						CreatedOnToolsVersion = 7.3.1;
					};
				};
			};
			buildConfigurationList = 843072151D2A6F4200C08568 /* Build configuration list for PBXProject "SerialsManager" */;
			compatibilityVersion = "Xcode 3.2";
			developmentRegion = English;
			hasScannedForEncodings = 0;
			knownRegions = (
				en,
				Base,
			);
			mainGroup = 843072111D2A6F4200C08568;
			productRefGroup = 8430721B1D2A6F4200C08568 /* Products */;
			projectDirPath = "";
			projectRoot = "";
			targets = (
				843072191D2A6F4200C08568 /* SerialsManager */,
			);
		};
/* End PBXProject section */

/* Begin PBXResourcesBuildPhase section */
		843072181D2A6F4200C08568 /* Resources */ = {
			isa = PBXResourcesBuildPhase;
			buildActionMask = 2147483647;
			files = (
				843072221D2A6F4300C08568 /* Assets.xcassets in Resources */,
				843072251D2A6F4300C08568 /* Main.storyboard in Resources */,
			);
			runOnlyForDeploymentPostprocessing = 0;
		};
/* End PBXResourcesBuildPhase section */

/* Begin PBXSourcesBuildPhase section */
		843072161D2A6F4200C08568 /* Sources */ = {
			isa = PBXSourcesBuildPhase;
			buildActionMask = 2147483647;
			files = (
				843072201D2A6F4300C08568 /* ViewController.swift in Sources */,
				8430721E1D2A6F4300C08568 /* AppDelegate.swift in Sources */,
			);
			runOnlyForDeploymentPostprocessing = 0;
		};
/* End PBXSourcesBuildPhase section */

/* Begin PBXVariantGroup section */
		843072231D2A6F4300C08568 /* Main.storyboard */ = {
			isa = PBXVariantGroup;
			children = (
				843072241D2A6F4300C08568 /* Base */,
			);
			name = Main.storyboard;
			sourceTree = "<group>";
		};
/* End PBXVariantGroup section */

/* Begin XCBuildConfiguration section */
		843072271D2A6F4300C08568 /* Debug */ = {
			isa = XCBuildConfiguration;
			buildSettings = {
				ALWAYS_SEARCH_USER_PATHS = NO;
				CLANG_ANALYZER_NONNULL = YES;
				CLANG_CXX_LANGUAGE_STANDARD = "gnu++0x";
				CLANG_CXX_LIBRARY = "libc++";
				CLANG_ENABLE_MODULES = YES;
				CLANG_ENABLE_OBJC_ARC = YES;
				CLANG_WARN_BOOL_CONVERSION = YES;
				CLANG_WARN_CONSTANT_CONVERSION = YES;
				CLANG_WARN_DIRECT_OBJC_ISA_USAGE = YES_ERROR;
				CLANG_WARN_EMPTY_BODY = YES;
				CLANG_WARN_ENUM_CONVERSION = YES;
				CLANG_WARN_INT_CONVERSION = YES;
				CLANG_WARN_OBJC_ROOT_CLASS = YES_ERROR;
				CLANG_WARN_UNREACHABLE_CODE = YES;
				CLANG_WARN__DUPLICATE_METHOD_MATCH = YES;
				CODE_SIGN_IDENTITY = "-";
				COPY_PHASE_STRIP = NO;
				DEBUG_INFORMATION_FORMAT = dwarf;
				ENABLE_STRICT_OBJC_MSGSEND = YES;
				ENABLE_TESTABILITY = YES;
				GCC_C_LANGUAGE_STANDARD = gnu99;
				GCC_DYNAMIC_NO_PIC = NO;
				GCC_NO_COMMON_BLOCKS = YES;
				GCC_OPTIMIZATION_LEVEL = 0;
				GCC_PREPROCESSOR_DEFINITIONS = (
					"DEBUG=1",
					"$(inherited)",
				);
				GCC_WARN_64_TO_32_BIT_CONVERSION = YES;
				GCC_WARN_ABOUT_RETURN_TYPE = YES_ERROR;
				GCC_WARN_UNDECLARED_SELECTOR = YES;
				GCC_WARN_UNINITIALIZED_AUTOS = YES_AGGRESSIVE;
				GCC_WARN_UNUSED_FUNCTION = YES;
				GCC_WARN_UNUSED_VARIABLE = YES;
				MACOSX_DEPLOYMENT_TARGET = 10.11;
				MTL_ENABLE_DEBUG_INFO = YES;
				ONLY_ACTIVE_ARCH = YES;
				SDKROOT = macosx;
				SWIFT_OPTIMIZATION_LEVEL = "-Onone";
			};
			name = Debug;
		};
		843072281D2A6F4300C08568 /* Release */ = {
			isa = XCBuildConfiguration;
			buildSettings = {
				ALWAYS_SEARCH_USER_PATHS = NO;
				CLANG_ANALYZER_NONNULL = YES;
				CLANG_CXX_LANGUAGE_STANDARD = "gnu++0x";
				CLANG_CXX_LIBRARY = "libc++";
				CLANG_ENABLE_MODULES = YES;
				CLANG_ENABLE_OBJC_ARC = YES;
				CLANG_WARN_BOOL_CONVERSION = YES;
				CLANG_WARN_CONSTANT_CONVERSION = YES;
				CLANG_WARN_DIRECT_OBJC_ISA_USAGE = YES_ERROR;
				CLANG_WARN_EMPTY_BODY = YES;
				CLANG_WARN_ENUM_CONVERSION = YES;
				CLANG_WARN_INT_CONVERSION = YES;
				CLANG_WARN_OBJC_ROOT_CLASS = YES_ERROR;
				CLANG_WARN_UNREACHABLE_CODE = YES;
				CLANG_WARN__DUPLICATE_METHOD_MATCH = YES;
				CODE_SIGN_IDENTITY = "-";
				COPY_PHASE_STRIP = NO;
				DEBUG_INFORMATION_FORMAT = "dwarf-with-dsym";
				ENABLE_NS_ASSERTIONS = NO;
				ENABLE_STRICT_OBJC_MSGSEND = YES;
				GCC_C_LANGUAGE_STANDARD = gnu99;
				GCC_NO_COMMON_BLOCKS = YES;
				GCC_WARN_64_TO_32_BIT_CONVERSION = YES;
				GCC_WARN_ABOUT_RETURN_TYPE = YES_ERROR;
				GCC_WARN_UNDECLARED_SELECTOR = YES;
				GCC_WARN_UNINITIALIZED_AUTOS = YES_AGGRESSIVE;
				GCC_WARN_UNUSED_FUNCTION = YES;
				GCC_WARN_UNUSED_VARIABLE = YES;
				MACOSX_DEPLOYMENT_TARGET = 10.11;
				MTL_ENABLE_DEBUG_INFO = NO;
				SDKROOT = macosx;
			};
			name = Release;
		};
		8430722A1D2A6F4300C08568 /* Debug */ = {
			isa = XCBuildConfiguration;
			buildSettings = {
				ASSETCATALOG_COMPILER_APPICON_NAME = AppIcon;
				COMBINE_HIDPI_IMAGES = YES;
				INFOPLIST_FILE = SerialsManager/Info.plist;
				LD_RUNPATH_SEARCH_PATHS = "$(inherited) @executable_path/../Frameworks";
				PRODUCT_BUNDLE_IDENTIFIER = com.savelichalex.SerialsManager;
				PRODUCT_NAME = "$(TARGET_NAME)";
			};
			name = Debug;
		};
		8430722B1D2A6F4300C08568 /* Release */ = {
			isa = XCBuildConfiguration;
			buildSettings = {
				ASSETCATALOG_COMPILER_APPICON_NAME = AppIcon;
				COMBINE_HIDPI_IMAGES = YES;
				INFOPLIST_FILE = SerialsManager/Info.plist;
				LD_RUNPATH_SEARCH_PATHS = "$(inherited) @executable_path/../Frameworks";
				PRODUCT_BUNDLE_IDENTIFIER = com.savelichalex.SerialsManager;
				PRODUCT_NAME = "$(TARGET_NAME)";
			};
			name = Release;
		};
/* End XCBuildConfiguration section */

/* Begin XCConfigurationList section */
		843072151D2A6F4200C08568 /* Build configuration list for PBXProject "SerialsManager" */ = {
			isa = XCConfigurationList;
			buildConfigurations = (
				843072271D2A6F4300C08568 /* Debug */,
				843072281D2A6F4300C08568 /* Release */,
			);
			defaultConfigurationIsVisible = 0;
			defaultConfigurationName = Release;
		};
		843072291D2A6F4300C08568 /* Build configuration list for PBXNativeTarget "SerialsManager" */ = {
			isa = XCConfigurationList;
			buildConfigurations = (
				8430722A1D2A6F4300C08568 /* Debug */,
				8430722B1D2A6F4300C08568 /* Release */,
			);
			defaultConfigurationIsVisible = 0;
		};
/* End XCConfigurationList section */
	};
	rootObject = 843072121D2A6F4200C08568 /* Project object */;
}
